
Microsoft Visual Studio Solution File, Format Version 12.00
# Visual Studio Version 17
VisualStudioVersion = 17.3.32929.385
MinimumVisualStudioVersion = 10.0.40219.1
Project("{FAE04EC0-301F-11D3-BF4B-00C04F79EFBC}") = "PerMonServer", "PerMonServer\PerMonServer.csproj", "{D8972FBF-3A1C-4550-B198-A958FB94BBA4}"
EndProject
Project("{2150E333-8FDC-42A3-9474-1A3956D46DE8}") = "Solution Items", "Solution Items", "{482EE691-E6BF-412C-BF61-E344CD32D53A}"
	ProjectSection(SolutionItems) = preProject
		.gitignore = .gitignore
	EndProjectSection
EndProject
Global
	GlobalSection(SolutionConfigurationPlatforms) = preSolution
		Debug|Any CPU = Debug|Any CPU
		Release|Any CPU = Release|Any CPU
	EndGlobalSection
	GlobalSection(ProjectConfigurationPlatforms) = postSolution
		{D8972FBF-3A1C-4550-B198-A958FB94BBA4}.Debug|Any CPU.ActiveCfg = Debug|Any CPU
		{D8972FBF-3A1C-4550-B198-A958FB94BBA4}.Debug|Any CPU.Build.0 = Debug|Any CPU
		{D8972FBF-3A1C-4550-B198-A958FB94BBA4}.Release|Any CPU.ActiveCfg = Release|Any CPU
		{D8972FBF-3A1C-4550-B198-A958FB94BBA4}.Release|Any CPU.Build.0 = Release|Any CPU
	EndGlobalSection
	GlobalSection(SolutionProperties) = preSolution
		HideSolutionNode = FALSE
	EndGlobalSection
	GlobalSection(ExtensibilityGlobals) = postSolution
		SolutionGuid = {06952544-9751-4BA1-8945-F932B0DEE08A}
	EndGlobalSection
EndGlobal
